
Microsoft Visual Studio Solution File, Format Version 12.00
# Visual Studio Version 16
VisualStudioVersion = 16.0.29926.136
MinimumVisualStudioVersion = 10.0.40219.1
Project("{FAE04EC0-301F-11D3-BF4B-00C04F79EFBC}") = "AzureSQLDemo", "AzureSQLDemo\AzureSQLDemo.csproj", "{86919EA6-6A9A-438A-9EEA-BFD0AC0F2747}"
EndProject
Global
	GlobalSection(SolutionConfigurationPlatforms) = preSolution
		Debug|Any CPU = Debug|Any CPU
		Release|Any CPU = Release|Any CPU
	EndGlobalSection
	GlobalSection(ProjectConfigurationPlatforms) = postSolution
		{86919EA6-6A9A-438A-9EEA-BFD0AC0F2747}.Debug|Any CPU.ActiveCfg = Debug|Any CPU
		{86919EA6-6A9A-438A-9EEA-BFD0AC0F2747}.Debug|Any CPU.Build.0 = Debug|Any CPU
		{86919EA6-6A9A-438A-9EEA-BFD0AC0F2747}.Release|Any CPU.ActiveCfg = Release|Any CPU
		{86919EA6-6A9A-438A-9EEA-BFD0AC0F2747}.Release|Any CPU.Build.0 = Release|Any CPU
	EndGlobalSection
	GlobalSection(SolutionProperties) = preSolution
		HideSolutionNode = FALSE
	EndGlobalSection
	GlobalSection(ExtensibilityGlobals) = postSolution
		SolutionGuid = {0F39F769-F042-411B-B40D-1D78B25C6A6E}
	EndGlobalSection
EndGlobal
