
Microsoft Visual Studio Solution File, Format Version 12.00
# Visual Studio Version 16
VisualStudioVersion = 16.0.29926.136
MinimumVisualStudioVersion = 10.0.40219.1
Project("{FAE04EC0-301F-11D3-BF4B-00C04F79EFBC}") = "AzureBlobSample", "AzureBlobSample\AzureBlobSample.csproj", "{6F044442-32A1-442A-98A5-3A4208FFD98C}"
EndProject
Global
	GlobalSection(SolutionConfigurationPlatforms) = preSolution
		Debug|Any CPU = Debug|Any CPU
		Release|Any CPU = Release|Any CPU
	EndGlobalSection
	GlobalSection(ProjectConfigurationPlatforms) = postSolution
		{6F044442-32A1-442A-98A5-3A4208FFD98C}.Debug|Any CPU.ActiveCfg = Debug|Any CPU
		{6F044442-32A1-442A-98A5-3A4208FFD98C}.Debug|Any CPU.Build.0 = Debug|Any CPU
		{6F044442-32A1-442A-98A5-3A4208FFD98C}.Release|Any CPU.ActiveCfg = Release|Any CPU
		{6F044442-32A1-442A-98A5-3A4208FFD98C}.Release|Any CPU.Build.0 = Release|Any CPU
	EndGlobalSection
	GlobalSection(SolutionProperties) = preSolution
		HideSolutionNode = FALSE
	EndGlobalSection
	GlobalSection(ExtensibilityGlobals) = postSolution
		SolutionGuid = {F8844441-3DEE-4BB8-9752-6A14F1D7BD81}
	EndGlobalSection
EndGlobal
